
Microsoft Visual Studio Solution File, Format Version 12.00
# Visual Studio Version 16
VisualStudioVersion = 16.0.29709.97
MinimumVisualStudioVersion = 10.0.40219.1
Project("{9A19103F-16F7-4668-BE54-9A1E7A4F7556}") = "GroceryList", "GroceryList\GroceryList.csproj", "{CD08FCF9-CCAE-4E6E-B919-513E40D02F6C}"
EndProject
Project("{2150E333-8FDC-42A3-9474-1A3956D46DE8}") = "UI", "UI", "{E015A8B3-799C-4431-8C7C-26D66140E576}"
EndProject
Project("{2150E333-8FDC-42A3-9474-1A3956D46DE8}") = "DataAccess", "DataAccess", "{5375B472-A99F-443C-852A-172784E799C2}"
EndProject
Project("{2150E333-8FDC-42A3-9474-1A3956D46DE8}") = "Database", "Database", "{E9709905-6C16-48BD-9F8B-C51339BEF184}"
EndProject
Project("{2150E333-8FDC-42A3-9474-1A3956D46DE8}") = "Library", "Library", "{88CAC61F-B9B6-40E5-BA02-530834413C29}"
EndProject
Project("{9A19103F-16F7-4668-BE54-9A1E7A4F7556}") = "GroceryList_DataAccess", "GroceryList_DataAccess\GroceryList_DataAccess.csproj", "{C0BB86F8-F6D9-48EF-A241-A250AA261E95}"
EndProject
Project("{2150E333-8FDC-42A3-9474-1A3956D46DE8}") = "Service", "Service", "{EAB74271-F5A5-4324-9850-2E2FAF27F082}"
EndProject
Project("{9A19103F-16F7-4668-BE54-9A1E7A4F7556}") = "GroceryList_Service", "GroceryList_Service\GroceryList_Service.csproj", "{12C94B5C-4276-41DC-9B16-249A553FB11C}"
EndProject
Project("{00D1A9C2-B5F0-4AF3-8072-F6C62B433612}") = "DB_Recipe", "DB_Recipe\DB_Recipe.sqlproj", "{375A4843-C1EB-4725-A5B3-8A1D4691095E}"
EndProject
Project("{9A19103F-16F7-4668-BE54-9A1E7A4F7556}") = "GroceryList_Common", "GroceryList_Common\GroceryList_Common.csproj", "{396838D5-7D4F-4048-A7F9-A08B725B7B85}"
EndProject
Project("{2150E333-8FDC-42A3-9474-1A3956D46DE8}") = "Common", "Common", "{54751CA5-FBBE-4820-88FD-408711B10166}"
EndProject
Project("{9A19103F-16F7-4668-BE54-9A1E7A4F7556}") = "GroceryList_ServiceApi", "GroceryList_ServiceApi\GroceryList_ServiceApi.csproj", "{EABDD815-285E-4331-A1FB-9408D3914A0C}"
EndProject
Project("{9A19103F-16F7-4668-BE54-9A1E7A4F7556}") = "GroceryList_Lib", "GroceryList_Lib\GroceryList_Lib.csproj", "{06F194FB-3CC9-45D4-B6B8-6021B0CAACBA}"
EndProject
Project("{00D1A9C2-B5F0-4AF3-8072-F6C62B433612}") = "DB_Grocery", "DB_Grocery\DB_Grocery.sqlproj", "{981CE2D8-E94C-4725-8370-8D2B7D98EC5F}"
EndProject
Global
	GlobalSection(SolutionConfigurationPlatforms) = preSolution
		Debug|Any CPU = Debug|Any CPU
		Release|Any CPU = Release|Any CPU
	EndGlobalSection
	GlobalSection(ProjectConfigurationPlatforms) = postSolution
		{CD08FCF9-CCAE-4E6E-B919-513E40D02F6C}.Debug|Any CPU.ActiveCfg = Debug|Any CPU
		{CD08FCF9-CCAE-4E6E-B919-513E40D02F6C}.Debug|Any CPU.Build.0 = Debug|Any CPU
		{CD08FCF9-CCAE-4E6E-B919-513E40D02F6C}.Release|Any CPU.ActiveCfg = Release|Any CPU
		{CD08FCF9-CCAE-4E6E-B919-513E40D02F6C}.Release|Any CPU.Build.0 = Release|Any CPU
		{C0BB86F8-F6D9-48EF-A241-A250AA261E95}.Debug|Any CPU.ActiveCfg = Debug|Any CPU
		{C0BB86F8-F6D9-48EF-A241-A250AA261E95}.Debug|Any CPU.Build.0 = Debug|Any CPU
		{C0BB86F8-F6D9-48EF-A241-A250AA261E95}.Release|Any CPU.ActiveCfg = Release|Any CPU
		{C0BB86F8-F6D9-48EF-A241-A250AA261E95}.Release|Any CPU.Build.0 = Release|Any CPU
		{12C94B5C-4276-41DC-9B16-249A553FB11C}.Debug|Any CPU.ActiveCfg = Debug|Any CPU
		{12C94B5C-4276-41DC-9B16-249A553FB11C}.Debug|Any CPU.Build.0 = Debug|Any CPU
		{12C94B5C-4276-41DC-9B16-249A553FB11C}.Release|Any CPU.ActiveCfg = Release|Any CPU
		{12C94B5C-4276-41DC-9B16-249A553FB11C}.Release|Any CPU.Build.0 = Release|Any CPU
		{375A4843-C1EB-4725-A5B3-8A1D4691095E}.Debug|Any CPU.ActiveCfg = Debug|Any CPU
		{375A4843-C1EB-4725-A5B3-8A1D4691095E}.Debug|Any CPU.Build.0 = Debug|Any CPU
		{375A4843-C1EB-4725-A5B3-8A1D4691095E}.Debug|Any CPU.Deploy.0 = Debug|Any CPU
		{375A4843-C1EB-4725-A5B3-8A1D4691095E}.Release|Any CPU.ActiveCfg = Release|Any CPU
		{375A4843-C1EB-4725-A5B3-8A1D4691095E}.Release|Any CPU.Build.0 = Release|Any CPU
		{375A4843-C1EB-4725-A5B3-8A1D4691095E}.Release|Any CPU.Deploy.0 = Release|Any CPU
		{396838D5-7D4F-4048-A7F9-A08B725B7B85}.Debug|Any CPU.ActiveCfg = Debug|Any CPU
		{396838D5-7D4F-4048-A7F9-A08B725B7B85}.Debug|Any CPU.Build.0 = Debug|Any CPU
		{396838D5-7D4F-4048-A7F9-A08B725B7B85}.Release|Any CPU.ActiveCfg = Release|Any CPU
		{396838D5-7D4F-4048-A7F9-A08B725B7B85}.Release|Any CPU.Build.0 = Release|Any CPU
		{EABDD815-285E-4331-A1FB-9408D3914A0C}.Debug|Any CPU.ActiveCfg = Debug|Any CPU
		{EABDD815-285E-4331-A1FB-9408D3914A0C}.Debug|Any CPU.Build.0 = Debug|Any CPU
		{EABDD815-285E-4331-A1FB-9408D3914A0C}.Release|Any CPU.ActiveCfg = Release|Any CPU
		{EABDD815-285E-4331-A1FB-9408D3914A0C}.Release|Any CPU.Build.0 = Release|Any CPU
		{06F194FB-3CC9-45D4-B6B8-6021B0CAACBA}.Debug|Any CPU.ActiveCfg = Debug|Any CPU
		{06F194FB-3CC9-45D4-B6B8-6021B0CAACBA}.Debug|Any CPU.Build.0 = Debug|Any CPU
		{06F194FB-3CC9-45D4-B6B8-6021B0CAACBA}.Release|Any CPU.ActiveCfg = Release|Any CPU
		{06F194FB-3CC9-45D4-B6B8-6021B0CAACBA}.Release|Any CPU.Build.0 = Release|Any CPU
		{981CE2D8-E94C-4725-8370-8D2B7D98EC5F}.Debug|Any CPU.ActiveCfg = Debug|Any CPU
		{981CE2D8-E94C-4725-8370-8D2B7D98EC5F}.Debug|Any CPU.Build.0 = Debug|Any CPU
		{981CE2D8-E94C-4725-8370-8D2B7D98EC5F}.Debug|Any CPU.Deploy.0 = Debug|Any CPU
		{981CE2D8-E94C-4725-8370-8D2B7D98EC5F}.Release|Any CPU.ActiveCfg = Release|Any CPU
		{981CE2D8-E94C-4725-8370-8D2B7D98EC5F}.Release|Any CPU.Build.0 = Release|Any CPU
		{981CE2D8-E94C-4725-8370-8D2B7D98EC5F}.Release|Any CPU.Deploy.0 = Release|Any CPU
	EndGlobalSection
	GlobalSection(SolutionProperties) = preSolution
		HideSolutionNode = FALSE
	EndGlobalSection
	GlobalSection(NestedProjects) = preSolution
		{CD08FCF9-CCAE-4E6E-B919-513E40D02F6C} = {E015A8B3-799C-4431-8C7C-26D66140E576}
		{C0BB86F8-F6D9-48EF-A241-A250AA261E95} = {5375B472-A99F-443C-852A-172784E799C2}
		{12C94B5C-4276-41DC-9B16-249A553FB11C} = {EAB74271-F5A5-4324-9850-2E2FAF27F082}
		{375A4843-C1EB-4725-A5B3-8A1D4691095E} = {E9709905-6C16-48BD-9F8B-C51339BEF184}
		{396838D5-7D4F-4048-A7F9-A08B725B7B85} = {54751CA5-FBBE-4820-88FD-408711B10166}
		{EABDD815-285E-4331-A1FB-9408D3914A0C} = {EAB74271-F5A5-4324-9850-2E2FAF27F082}
		{06F194FB-3CC9-45D4-B6B8-6021B0CAACBA} = {88CAC61F-B9B6-40E5-BA02-530834413C29}
		{981CE2D8-E94C-4725-8370-8D2B7D98EC5F} = {E9709905-6C16-48BD-9F8B-C51339BEF184}
	EndGlobalSection
	GlobalSection(ExtensibilityGlobals) = postSolution
		SolutionGuid = {5E814F1B-44A7-421C-877B-5018EF1F354D}
	EndGlobalSection
EndGlobal
